
Microsoft Visual Studio Solution File, Format Version 12.00
# Visual Studio Version 16
VisualStudioVersion = 16.0.31729.503
MinimumVisualStudioVersion = 10.0.40219.1
Project("{FAE04EC0-301F-11D3-BF4B-00C04F79EFBC}") = "Entidades", "Entidades\Entidades.csproj", "{A4790F47-4BD1-478F-B86F-77D0D6875677}"
EndProject
Global
	GlobalSection(SolutionConfigurationPlatforms) = preSolution
		Debug|Any CPU = Debug|Any CPU
		Release|Any CPU = Release|Any CPU
	EndGlobalSection
	GlobalSection(ProjectConfigurationPlatforms) = postSolution
		{A4790F47-4BD1-478F-B86F-77D0D6875677}.Debug|Any CPU.ActiveCfg = Debug|Any CPU
		{A4790F47-4BD1-478F-B86F-77D0D6875677}.Debug|Any CPU.Build.0 = Debug|Any CPU
		{A4790F47-4BD1-478F-B86F-77D0D6875677}.Release|Any CPU.ActiveCfg = Release|Any CPU
		{A4790F47-4BD1-478F-B86F-77D0D6875677}.Release|Any CPU.Build.0 = Release|Any CPU
	EndGlobalSection
	GlobalSection(SolutionProperties) = preSolution
		HideSolutionNode = FALSE
	EndGlobalSection
	GlobalSection(ExtensibilityGlobals) = postSolution
		SolutionGuid = {E7C76BE0-8E64-44C9-8B30-ECD6EC69812B}
	EndGlobalSection
EndGlobal
